
Microsoft Visual Studio Solution File, Format Version 12.00
# Visual Studio Version 17
VisualStudioVersion = 17.3.32825.248
MinimumVisualStudioVersion = 10.0.40219.1
Project("{FAE04EC0-301F-11D3-BF4B-00C04F79EFBC}") = "ModBusHelper", "ModBusHelper\ModBusHelper.csproj", "{ADCE90B7-837F-45C4-B461-4A4EE91531CB}"
EndProject
Global
	GlobalSection(SolutionConfigurationPlatforms) = preSolution
		Debug|Any CPU = Debug|Any CPU
		Release|Any CPU = Release|Any CPU
	EndGlobalSection
	GlobalSection(ProjectConfigurationPlatforms) = postSolution
		{ADCE90B7-837F-45C4-B461-4A4EE91531CB}.Debug|Any CPU.ActiveCfg = Debug|Any CPU
		{ADCE90B7-837F-45C4-B461-4A4EE91531CB}.Debug|Any CPU.Build.0 = Debug|Any CPU
		{ADCE90B7-837F-45C4-B461-4A4EE91531CB}.Release|Any CPU.ActiveCfg = Release|Any CPU
		{ADCE90B7-837F-45C4-B461-4A4EE91531CB}.Release|Any CPU.Build.0 = Release|Any CPU
	EndGlobalSection
	GlobalSection(SolutionProperties) = preSolution
		HideSolutionNode = FALSE
	EndGlobalSection
	GlobalSection(ExtensibilityGlobals) = postSolution
		SolutionGuid = {919AC161-7B93-4C25-8A4F-F34C1A382BC5}
	EndGlobalSection
EndGlobal
